Microsoft Visual Studio Solution File, Format Version 12.00
Project("{FAE04EC0-301F-11D3-BF4B-00C04F79EFBC}") = "DevOPs_Assignment", "DevOPs_Assignment\DevOPs_Assignment.csproj", "{579A4DF5-638D-4F5E-AB15-3200881BA9BE}"
EndProject
Project("{2150E333-8FDC-42A3-9474-1A3956D46DE8}") = "Solution Items", "Solution Items", "{FFAEBD26-2BBE-4C30-9B91-74A39C3E2B75}"
	ProjectSection(SolutionItems) = preProject
		compose.yaml = compose.yaml
	EndProjectSection
EndProject
Project("{FAE04EC0-301F-11D3-BF4B-00C04F79EFBC}") = "DevOPs_Assignment.Tests", "DevOPs_Assignment.Tests\DevOPs_Assignment.Tests.csproj", "{1E6E5A53-6A8D-4D32-9B0C-4D6F71A0B0A5}"
EndProject
Global
	GlobalSection(SolutionConfigurationPlatforms) = preSolution
		Debug|Any CPU = Debug|Any CPU
		Release|Any CPU = Release|Any CPU
	EndGlobalSection
	GlobalSection(ProjectConfigurationPlatforms) = postSolution
		{579A4DF5-638D-4F5E-AB15-3200881BA9BE}.Debug|Any CPU.ActiveCfg = Debug|Any CPU
		{579A4DF5-638D-4F5E-AB15-3200881BA9BE}.Debug|Any CPU.Build.0 = Debug|Any CPU
		{579A4DF5-638D-4F5E-AB15-3200881BA9BE}.Release|Any CPU.ActiveCfg = Release|Any CPU
		{579A4DF5-638D-4F5E-AB15-3200881BA9BE}.Release|Any CPU.Build.0 = Release|Any CPU

		{1E6E5A53-6A8D-4D32-9B0C-4D6F71A0B0A5}.Debug|Any CPU.ActiveCfg = Debug|Any CPU
		{1E6E5A53-6A8D-4D32-9B0C-4D6F71A0B0A5}.Debug|Any CPU.Build.0 = Debug|Any CPU
		{1E6E5A53-6A8D-4D32-9B0C-4D6F71A0B0A5}.Release|Any CPU.ActiveCfg = Release|Any CPU
		{1E6E5A53-6A8D-4D32-9B0C-4D6F71A0B0A5}.Release|Any CPU.Build.0 = Release|Any CPU
	EndGlobalSection
EndGlobal
